
Microsoft Visual Studio Solution File, Format Version 12.00
# Visual Studio Version 18
VisualStudioVersion = 18.4.11620.152 stable
MinimumVisualStudioVersion = 10.0.40219.1
Project("{FAE04EC0-301F-11D3-BF4B-00C04F79EFBC}") = "DotAge", "DotAge.csproj", "{3D1C135C-3D82-4D9B-8EFE-CD7B113ADABA}"
EndProject
Global
	GlobalSection(SolutionConfigurationPlatforms) = preSolution
		Debug|Any CPU = Debug|Any CPU
		Release|Any CPU = Release|Any CPU
	EndGlobalSection
	GlobalSection(ProjectConfigurationPlatforms) = postSolution
		{3D1C135C-3D82-4D9B-8EFE-CD7B113ADABA}.Debug|Any CPU.ActiveCfg = Debug|Any CPU
		{3D1C135C-3D82-4D9B-8EFE-CD7B113ADABA}.Debug|Any CPU.Build.0 = Debug|Any CPU
		{3D1C135C-3D82-4D9B-8EFE-CD7B113ADABA}.Release|Any CPU.ActiveCfg = Release|Any CPU
		{3D1C135C-3D82-4D9B-8EFE-CD7B113ADABA}.Release|Any CPU.Build.0 = Release|Any CPU
	EndGlobalSection
	GlobalSection(SolutionProperties) = preSolution
		HideSolutionNode = FALSE
	EndGlobalSection
	GlobalSection(ExtensibilityGlobals) = postSolution
		SolutionGuid = {4C598B91-43EE-4F38-AC13-56245F7BF22D}
	EndGlobalSection
EndGlobal
